
Microsoft Visual Studio Solution File, Format Version 12.00
# Visual Studio Version 17
VisualStudioVersion = 17.0.31919.166
MinimumVisualStudioVersion = 10.0.40219.1
Project("{FAE04EC0-301F-11D3-BF4B-00C04F79EFBC}") = "BilgeAdam.GenericPractice12", "BilgeAdam.GenericPractice12\BilgeAdam.GenericPractice12.csproj", "{4FB91D8A-2E5A-42F1-BC28-34AF4BAC4934}"
EndProject
Project("{FAE04EC0-301F-11D3-BF4B-00C04F79EFBC}") = "BilgeAdam.Tests", "BilgeAdam.Tests\BilgeAdam.Tests.csproj", "{F0725FB5-9F9B-4202-9B7A-2953CBBADDE0}"
EndProject
Global
	GlobalSection(SolutionConfigurationPlatforms) = preSolution
		Debug|Any CPU = Debug|Any CPU
		Release|Any CPU = Release|Any CPU
	EndGlobalSection
	GlobalSection(ProjectConfigurationPlatforms) = postSolution
		{4FB91D8A-2E5A-42F1-BC28-34AF4BAC4934}.Debug|Any CPU.ActiveCfg = Debug|Any CPU
		{4FB91D8A-2E5A-42F1-BC28-34AF4BAC4934}.Debug|Any CPU.Build.0 = Debug|Any CPU
		{4FB91D8A-2E5A-42F1-BC28-34AF4BAC4934}.Release|Any CPU.ActiveCfg = Release|Any CPU
		{4FB91D8A-2E5A-42F1-BC28-34AF4BAC4934}.Release|Any CPU.Build.0 = Release|Any CPU
		{F0725FB5-9F9B-4202-9B7A-2953CBBADDE0}.Debug|Any CPU.ActiveCfg = Debug|Any CPU
		{F0725FB5-9F9B-4202-9B7A-2953CBBADDE0}.Debug|Any CPU.Build.0 = Debug|Any CPU
		{F0725FB5-9F9B-4202-9B7A-2953CBBADDE0}.Release|Any CPU.ActiveCfg = Release|Any CPU
		{F0725FB5-9F9B-4202-9B7A-2953CBBADDE0}.Release|Any CPU.Build.0 = Release|Any CPU
	EndGlobalSection
	GlobalSection(SolutionProperties) = preSolution
		HideSolutionNode = FALSE
	EndGlobalSection
	GlobalSection(ExtensibilityGlobals) = postSolution
		SolutionGuid = {EDC30060-D18C-4BFE-863F-4FB86D1C665B}
	EndGlobalSection
EndGlobal
